// !$*UTF8*$!
{
	archiveVersion = 1;
	classes = {
	};
	objectVersion = 55;
	objects = {

/* Begin PBXBuildFile section */
		5C086692274112E200C0E5B4 /* BudgetAppApp.swift in Sources */ = {isa = PBXBuildFile; fileRef = 5C086691274112E200C0E5B4 /* BudgetAppApp.swift */; };
		5C086694274112E200C0E5B4 /* ContentView.swift in Sources */ = {isa = PBXBuildFile; fileRef = 5C086693274112E200C0E5B4 /* ContentView.swift */; };
		5C086696274112E600C0E5B4 /* Assets.xcassets in Resources */ = {isa = PBXBuildFile; fileRef = 5C086695274112E600C0E5B4 /* Assets.xcassets */; };
		5C086699274112E600C0E5B4 /* Preview Assets.xcassets in Resources */ = {isa = PBXBuildFile; fileRef = 5C086698274112E600C0E5B4 /* Preview Assets.xcassets */; };
		5C0866A3274112E700C0E5B4 /* BudgetAppTests.swift in Sources */ = {isa = PBXBuildFile; fileRef = 5C0866A2274112E700C0E5B4 /* BudgetAppTests.swift */; };
		5C0866AD274112E700C0E5B4 /* BudgetAppUITests.swift in Sources */ = {isa = PBXBuildFile; fileRef = 5C0866AC274112E700C0E5B4 /* BudgetAppUITests.swift */; };
		5C0866AF274112E700C0E5B4 /* BudgetAppUITestsLaunchTests.swift in Sources */ = {isa = PBXBuildFile; fileRef = 5C0866AE274112E700C0E5B4 /* BudgetAppUITestsLaunchTests.swift */; };
		5C0866BD2741131800C0E5B4 /* BudgetAppModel.xcdatamodeld in Sources */ = {isa = PBXBuildFile; fileRef = 5C0866BB2741131800C0E5B4 /* BudgetAppModel.xcdatamodeld */; };
		5C0866C02741136E00C0E5B4 /* CoreDataManager.swift in Sources */ = {isa = PBXBuildFile; fileRef = 5C0866BF2741136E00C0E5B4 /* CoreDataManager.swift */; };
		5C0866C3274115F400C0E5B4 /* BudgetListViewModel.swift in Sources */ = {isa = PBXBuildFile; fileRef = 5C0866C2274115F400C0E5B4 /* BudgetListViewModel.swift */; };
		5C0866C5274116D700C0E5B4 /* Constant.swift in Sources */ = {isa = PBXBuildFile; fileRef = 5C0866C4274116D700C0E5B4 /* Constant.swift */; };
		5C0866CA2741190800C0E5B4 /* AddBudgetViewModel.swift in Sources */ = {isa = PBXBuildFile; fileRef = 5C0866C92741190800C0E5B4 /* AddBudgetViewModel.swift */; };
		5C0866CC2741196800C0E5B4 /* AddBudgetView.swift in Sources */ = {isa = PBXBuildFile; fileRef = 5C0866CB2741196800C0E5B4 /* AddBudgetView.swift */; };
		5C0866CF27411C5500C0E5B4 /* View.swift in Sources */ = {isa = PBXBuildFile; fileRef = 5C0866CE27411C5500C0E5B4 /* View.swift */; };
		5C0866D127411DEE00C0E5B4 /* Budget+Extension.swift in Sources */ = {isa = PBXBuildFile; fileRef = 5C0866D027411DEE00C0E5B4 /* Budget+Extension.swift */; };
		5C0866D427411E6400C0E5B4 /* BaseModel.swift in Sources */ = {isa = PBXBuildFile; fileRef = 5C0866D327411E6400C0E5B4 /* BaseModel.swift */; };
/* End PBXBuildFile section */

/* Begin PBXContainerItemProxy section */
		5C08669F274112E700C0E5B4 /* PBXContainerItemProxy */ = {
			isa = PBXContainerItemProxy;
			containerPortal = 5C086686274112E200C0E5B4 /* Project object */;
			proxyType = 1;
			remoteGlobalIDString = 5C08668D274112E200C0E5B4;
			remoteInfo = BudgetApp;
		};
		5C0866A9274112E700C0E5B4 /* PBXContainerItemProxy */ = {
			isa = PBXContainerItemProxy;
			containerPortal = 5C086686274112E200C0E5B4 /* Project object */;
			proxyType = 1;
			remoteGlobalIDString = 5C08668D274112E200C0E5B4;
			remoteInfo = BudgetApp;
		};
/* End PBXContainerItemProxy section */

/* Begin PBXFileReference section */
		5C08668E274112E200C0E5B4 /* BudgetApp.app */ = {isa = PBXFileReference; explicitFileType = wrapper.application; includeInIndex = 0; path = BudgetApp.app; sourceTree = BUILT_PRODUCTS_DIR; };
		5C086691274112E200C0E5B4 /* BudgetAppApp.swift */ = {isa = PBXFileReference; lastKnownFileType = sourcecode.swift; path = BudgetAppApp.swift; sourceTree = "<group>"; };
		5C086693274112E200C0E5B4 /* ContentView.swift */ = {isa = PBXFileReference; lastKnownFileType = sourcecode.swift; path = ContentView.swift; sourceTree = "<group>"; };
		5C086695274112E600C0E5B4 /* Assets.xcassets */ = {isa = PBXFileReference; lastKnownFileType = folder.assetcatalog; path = Assets.xcassets; sourceTree = "<group>"; };
		5C086698274112E600C0E5B4 /* Preview Assets.xcassets */ = {isa = PBXFileReference; lastKnownFileType = folder.assetcatalog; path = "Preview Assets.xcassets"; sourceTree = "<group>"; };
		5C08669E274112E700C0E5B4 /* BudgetAppTests.xctest */ = {isa = PBXFileReference; explicitFileType = wrapper.cfbundle; includeInIndex = 0; path = BudgetAppTests.xctest; sourceTree = BUILT_PRODUCTS_DIR; };
		5C0866A2274112E700C0E5B4 /* BudgetAppTests.swift */ = {isa = PBXFileReference; lastKnownFileType = sourcecode.swift; path = BudgetAppTests.swift; sourceTree = "<group>"; };
		5C0866A8274112E700C0E5B4 /* BudgetAppUITests.xctest */ = {isa = PBXFileReference; explicitFileType = wrapper.cfbundle; includeInIndex = 0; path = BudgetAppUITests.xctest; sourceTree = BUILT_PRODUCTS_DIR; };
		5C0866AC274112E700C0E5B4 /* BudgetAppUITests.swift */ = {isa = PBXFileReference; lastKnownFileType = sourcecode.swift; path = BudgetAppUITests.swift; sourceTree = "<group>"; };
		5C0866AE274112E700C0E5B4 /* BudgetAppUITestsLaunchTests.swift */ = {isa = PBXFileReference; lastKnownFileType = sourcecode.swift; path = BudgetAppUITestsLaunchTests.swift; sourceTree = "<group>"; };
		5C0866BC2741131800C0E5B4 /* Budget.xcdatamodel */ = {isa = PBXFileReference; lastKnownFileType = wrapper.xcdatamodel; path = Budget.xcdatamodel; sourceTree = "<group>"; };
		5C0866BF2741136E00C0E5B4 /* CoreDataManager.swift */ = {isa = PBXFileReference; lastKnownFileType = sourcecode.swift; path = CoreDataManager.swift; sourceTree = "<group>"; };
		5C0866C2274115F400C0E5B4 /* BudgetListViewModel.swift */ = {isa = PBXFileReference; lastKnownFileType = sourcecode.swift; path = BudgetListViewModel.swift; sourceTree = "<group>"; };
		5C0866C4274116D700C0E5B4 /* Constant.swift */ = {isa = PBXFileReference; lastKnownFileType = sourcecode.swift; path = Constant.swift; sourceTree = "<group>"; };
		5C0866C92741190800C0E5B4 /* AddBudgetViewModel.swift */ = {isa = PBXFileReference; lastKnownFileType = sourcecode.swift; path = AddBudgetViewModel.swift; sourceTree = "<group>"; };
		5C0866CB2741196800C0E5B4 /* AddBudgetView.swift */ = {isa = PBXFileReference; lastKnownFileType = sourcecode.swift; path = AddBudgetView.swift; sourceTree = "<group>"; };
		5C0866CE27411C5500C0E5B4 /* View.swift */ = {isa = PBXFileReference; lastKnownFileType = sourcecode.swift; path = View.swift; sourceTree = "<group>"; };
		5C0866D027411DEE00C0E5B4 /* Budget+Extension.swift */ = {isa = PBXFileReference; lastKnownFileType = sourcecode.swift; path = "Budget+Extension.swift"; sourceTree = "<group>"; };
		5C0866D327411E6400C0E5B4 /* BaseModel.swift */ = {isa = PBXFileReference; lastKnownFileType = sourcecode.swift; path = BaseModel.swift; sourceTree = "<group>"; };
/* End PBXFileReference section */

/* Begin PBXFrameworksBuildPhase section */
		5C08668B274112E200C0E5B4 /* Frameworks */ = {
			isa = PBXFrameworksBuildPhase;
			buildActionMask = 2147483647;
			files = (
			);
			runOnlyForDeploymentPostprocessing = 0;
		};
		5C08669B274112E700C0E5B4 /* Frameworks */ = {
			isa = PBXFrameworksBuildPhase;
			buildActionMask = 2147483647;
			files = (
			);
			runOnlyForDeploymentPostprocessing = 0;
		};
		5C0866A5274112E700C0E5B4 /* Frameworks */ = {
			isa = PBXFrameworksBuildPhase;
			buildActionMask = 2147483647;
			files = (
			);
			runOnlyForDeploymentPostprocessing = 0;
		};
/* End PBXFrameworksBuildPhase section */

/* Begin PBXGroup section */
		04B76E4F2741682800AE2C19 /* Model */ = {
			isa = PBXGroup;
			children = (
			);
			path = Model;
			sourceTree = "<group>";
		};
		5C086685274112E200C0E5B4 = {
			isa = PBXGroup;
			children = (
				5C086690274112E200C0E5B4 /* BudgetApp */,
				5C0866A1274112E700C0E5B4 /* BudgetAppTests */,
				5C0866AB274112E700C0E5B4 /* BudgetAppUITests */,
				5C08668F274112E200C0E5B4 /* Products */,
			);
			sourceTree = "<group>";
		};
		5C08668F274112E200C0E5B4 /* Products */ = {
			isa = PBXGroup;
			children = (
				5C08668E274112E200C0E5B4 /* BudgetApp.app */,
				5C08669E274112E700C0E5B4 /* BudgetAppTests.xctest */,
				5C0866A8274112E700C0E5B4 /* BudgetAppUITests.xctest */,
			);
			name = Products;
			sourceTree = "<group>";
		};
		5C086690274112E200C0E5B4 /* BudgetApp */ = {
			isa = PBXGroup;
			children = (
				04B76E4F2741682800AE2C19 /* Model */,
				5C0866CD27411C3500C0E5B4 /* Extensions */,
				5C0866C82741184A00C0E5B4 /* App */,
				5C0866C72741184400C0E5B4 /* View */,
				5C0866C6274116DD00C0E5B4 /* Helper */,
				5C0866C1274115E900C0E5B4 /* ViewModel */,
				5C0866BE2741135C00C0E5B4 /* Managers */,
				5C086695274112E600C0E5B4 /* Assets.xcassets */,
				5C0866BB2741131800C0E5B4 /* BudgetAppModel.xcdatamodeld */,
				5C086697274112E600C0E5B4 /* Preview Content */,
			);
			path = BudgetApp;
			sourceTree = "<group>";
		};
		5C086697274112E600C0E5B4 /* Preview Content */ = {
			isa = PBXGroup;
			children = (
				5C086698274112E600C0E5B4 /* Preview Assets.xcassets */,
			);
			path = "Preview Content";
			sourceTree = "<group>";
		};
		5C0866A1274112E700C0E5B4 /* BudgetAppTests */ = {
			isa = PBXGroup;
			children = (
				5C0866A2274112E700C0E5B4 /* BudgetAppTests.swift */,
			);
			path = BudgetAppTests;
			sourceTree = "<group>";
		};
		5C0866AB274112E700C0E5B4 /* BudgetAppUITests */ = {
			isa = PBXGroup;
			children = (
				5C0866AC274112E700C0E5B4 /* BudgetAppUITests.swift */,
				5C0866AE274112E700C0E5B4 /* BudgetAppUITestsLaunchTests.swift */,
			);
			path = BudgetAppUITests;
			sourceTree = "<group>";
		};
		5C0866BE2741135C00C0E5B4 /* Managers */ = {
			isa = PBXGroup;
			children = (
				5C0866BF2741136E00C0E5B4 /* CoreDataManager.swift */,
			);
			path = Managers;
			sourceTree = "<group>";
		};
		5C0866C1274115E900C0E5B4 /* ViewModel */ = {
			isa = PBXGroup;
			children = (
				5C0866C2274115F400C0E5B4 /* BudgetListViewModel.swift */,
				5C0866C92741190800C0E5B4 /* AddBudgetViewModel.swift */,
			);
			path = ViewModel;
			sourceTree = "<group>";
		};
		5C0866C6274116DD00C0E5B4 /* Helper */ = {
			isa = PBXGroup;
			children = (
				5C0866C4274116D700C0E5B4 /* Constant.swift */,
			);
			path = Helper;
			sourceTree = "<group>";
		};
		5C0866C72741184400C0E5B4 /* View */ = {
			isa = PBXGroup;
			children = (
				5C086693274112E200C0E5B4 /* ContentView.swift */,
				5C0866CB2741196800C0E5B4 /* AddBudgetView.swift */,
			);
			path = View;
			sourceTree = "<group>";
		};
		5C0866C82741184A00C0E5B4 /* App */ = {
			isa = PBXGroup;
			children = (
				5C086691274112E200C0E5B4 /* BudgetAppApp.swift */,
			);
			path = App;
			sourceTree = "<group>";
		};
		5C0866CD27411C3500C0E5B4 /* Extensions */ = {
			isa = PBXGroup;
			children = (
				5C0866CE27411C5500C0E5B4 /* View.swift */,
				5C0866D027411DEE00C0E5B4 /* Budget+Extension.swift */,
				5C0866D327411E6400C0E5B4 /* BaseModel.swift */,
			);
			path = Extensions;
			sourceTree = "<group>";
		};
/* End PBXGroup section */

/* Begin PBXNativeTarget section */
		5C08668D274112E200C0E5B4 /* BudgetApp */ = {
			isa = PBXNativeTarget;
			buildConfigurationList = 5C0866B2274112E700C0E5B4 /* Build configuration list for PBXNativeTarget "BudgetApp" */;
			buildPhases = (
				5C08668A274112E200C0E5B4 /* Sources */,
				5C08668B274112E200C0E5B4 /* Frameworks */,
				5C08668C274112E200C0E5B4 /* Resources */,
			);
			buildRules = (
			);
			dependencies = (
			);
			name = BudgetApp;
			productName = BudgetApp;
			productReference = 5C08668E274112E200C0E5B4 /* BudgetApp.app */;
			productType = "com.apple.product-type.application";
		};
		5C08669D274112E700C0E5B4 /* BudgetAppTests */ = {
			isa = PBXNativeTarget;
			buildConfigurationList = 5C0866B5274112E700C0E5B4 /* Build configuration list for PBXNativeTarget "BudgetAppTests" */;
			buildPhases = (
				5C08669A274112E700C0E5B4 /* Sources */,
				5C08669B274112E700C0E5B4 /* Frameworks */,
				5C08669C274112E700C0E5B4 /* Resources */,
			);
			buildRules = (
			);
			dependencies = (
				5C0866A0274112E700C0E5B4 /* PBXTargetDependency */,
			);
			name = BudgetAppTests;
			productName = BudgetAppTests;
			productReference = 5C08669E274112E700C0E5B4 /* BudgetAppTests.xctest */;
			productType = "com.apple.product-type.bundle.unit-test";
		};
		5C0866A7274112E700C0E5B4 /* BudgetAppUITests */ = {
			isa = PBXNativeTarget;
			buildConfigurationList = 5C0866B8274112E700C0E5B4 /* Build configuration list for PBXNativeTarget "BudgetAppUITests" */;
			buildPhases = (
				5C0866A4274112E700C0E5B4 /* Sources */,
				5C0866A5274112E700C0E5B4 /* Frameworks */,
				5C0866A6274112E700C0E5B4 /* Resources */,
			);
			buildRules = (
			);
			dependencies = (
				5C0866AA274112E700C0E5B4 /* PBXTargetDependency */,
			);
			name = BudgetAppUITests;
			productName = BudgetAppUITests;
			productReference = 5C0866A8274112E700C0E5B4 /* BudgetAppUITests.xctest */;
			productType = "com.apple.product-type.bundle.ui-testing";
		};
/* End PBXNativeTarget section */

/* Begin PBXProject section */
		5C086686274112E200C0E5B4 /* Project object */ = {
			isa = PBXProject;
			attributes = {
				BuildIndependentTargetsInParallel = 1;
				LastSwiftUpdateCheck = 1300;
				LastUpgradeCheck = 1300;
				TargetAttributes = {
					5C08668D274112E200C0E5B4 = {
						CreatedOnToolsVersion = 13.0;
					};
					5C08669D274112E700C0E5B4 = {
						CreatedOnToolsVersion = 13.0;
						TestTargetID = 5C08668D274112E200C0E5B4;
					};
					5C0866A7274112E700C0E5B4 = {
						CreatedOnToolsVersion = 13.0;
						TestTargetID = 5C08668D274112E200C0E5B4;
					};
				};
			};
			buildConfigurationList = 5C086689274112E200C0E5B4 /* Build configuration list for PBXProject "BudgetApp" */;
			compatibilityVersion = "Xcode 13.0";
			developmentRegion = en;
			hasScannedForEncodings = 0;
			knownRegions = (
				en,
				Base,
			);
			mainGroup = 5C086685274112E200C0E5B4;
			productRefGroup = 5C08668F274112E200C0E5B4 /* Products */;
			projectDirPath = "";
			projectRoot = "";
			targets = (
				5C08668D274112E200C0E5B4 /* BudgetApp */,
				5C08669D274112E700C0E5B4 /* BudgetAppTests */,
				5C0866A7274112E700C0E5B4 /* BudgetAppUITests */,
			);
		};
/* End PBXProject section */

/* Begin PBXResourcesBuildPhase section */
		5C08668C274112E200C0E5B4 /* Resources */ = {
			isa = PBXResourcesBuildPhase;
			buildActionMask = 2147483647;
			files = (
				5C086699274112E600C0E5B4 /* Preview Assets.xcassets in Resources */,
				5C086696274112E600C0E5B4 /* Assets.xcassets in Resources */,
			);
			runOnlyForDeploymentPostprocessing = 0;
		};
		5C08669C274112E700C0E5B4 /* Resources */ = {
			isa = PBXResourcesBuildPhase;
			buildActionMask = 2147483647;
			files = (
			);
			runOnlyForDeploymentPostprocessing = 0;
		};
		5C0866A6274112E700C0E5B4 /* Resources */ = {
			isa = PBXResourcesBuildPhase;
			buildActionMask = 2147483647;
			files = (
			);
			runOnlyForDeploymentPostprocessing = 0;
		};
/* End PBXResourcesBuildPhase section */

/* Begin PBXSourcesBuildPhase section */
		5C08668A274112E200C0E5B4 /* Sources */ = {
			isa = PBXSourcesBuildPhase;
			buildActionMask = 2147483647;
			files = (
				5C0866C3274115F400C0E5B4 /* BudgetListViewModel.swift in Sources */,
				5C086694274112E200C0E5B4 /* ContentView.swift in Sources */,
				5C0866D427411E6400C0E5B4 /* BaseModel.swift in Sources */,
				5C0866D127411DEE00C0E5B4 /* Budget+Extension.swift in Sources */,
				5C0866CC2741196800C0E5B4 /* AddBudgetView.swift in Sources */,
				5C086692274112E200C0E5B4 /* BudgetAppApp.swift in Sources */,
				5C0866C02741136E00C0E5B4 /* CoreDataManager.swift in Sources */,
				5C0866CF27411C5500C0E5B4 /* View.swift in Sources */,
				5C0866BD2741131800C0E5B4 /* BudgetAppModel.xcdatamodeld in Sources */,
				5C0866CA2741190800C0E5B4 /* AddBudgetViewModel.swift in Sources */,
				5C0866C5274116D700C0E5B4 /* Constant.swift in Sources */,
			);
			runOnlyForDeploymentPostprocessing = 0;
		};
		5C08669A274112E700C0E5B4 /* Sources */ = {
			isa = PBXSourcesBuildPhase;
			buildActionMask = 2147483647;
			files = (
				5C0866A3274112E700C0E5B4 /* BudgetAppTests.swift in Sources */,
			);
			runOnlyForDeploymentPostprocessing = 0;
		};
		5C0866A4274112E700C0E5B4 /* Sources */ = {
			isa = PBXSourcesBuildPhase;
			buildActionMask = 2147483647;
			files = (
				5C0866AD274112E700C0E5B4 /* BudgetAppUITests.swift in Sources */,
				5C0866AF274112E700C0E5B4 /* BudgetAppUITestsLaunchTests.swift in Sources */,
			);
			runOnlyForDeploymentPostprocessing = 0;
		};
/* End PBXSourcesBuildPhase section */

/* Begin PBXTargetDependency section */
		5C0866A0274112E700C0E5B4 /* PBXTargetDependency */ = {
			isa = PBXTargetDependency;
			target = 5C08668D274112E200C0E5B4 /* BudgetApp */;
			targetProxy = 5C08669F274112E700C0E5B4 /* PBXContainerItemProxy */;
		};
		5C0866AA274112E700C0E5B4 /* PBXTargetDependency */ = {
			isa = PBXTargetDependency;
			target = 5C08668D274112E200C0E5B4 /* BudgetApp */;
			targetProxy = 5C0866A9274112E700C0E5B4 /* PBXContainerItemProxy */;
		};
/* End PBXTargetDependency section */

/* Begin XCBuildConfiguration section */
		5C0866B0274112E700C0E5B4 /* Debug */ = {
			isa = XCBuildConfiguration;
			buildSettings = {
				ALWAYS_SEARCH_USER_PATHS = NO;
				CLANG_ANALYZER_NONNULL = YES;
				CLANG_ANALYZER_NUMBER_OBJECT_CONVERSION = YES_AGGRESSIVE;
				CLANG_CXX_LANGUAGE_STANDARD = "gnu++17";
				CLANG_CXX_LIBRARY = "libc++";
				CLANG_ENABLE_MODULES = YES;
				CLANG_ENABLE_OBJC_ARC = YES;
				CLANG_ENABLE_OBJC_WEAK = YES;
				CLANG_WARN_BLOCK_CAPTURE_AUTORELEASING = YES;
				CLANG_WARN_BOOL_CONVERSION = YES;
				CLANG_WARN_COMMA = YES;
				CLANG_WARN_CONSTANT_CONVERSION = YES;
				CLANG_WARN_DEPRECATED_OBJC_IMPLEMENTATIONS = YES;
				CLANG_WARN_DIRECT_OBJC_ISA_USAGE = YES_ERROR;
				CLANG_WARN_DOCUMENTATION_COMMENTS = YES;
				CLANG_WARN_EMPTY_BODY = YES;
				CLANG_WARN_ENUM_CONVERSION = YES;
				CLANG_WARN_INFINITE_RECURSION = YES;
				CLANG_WARN_INT_CONVERSION = YES;
				CLANG_WARN_NON_LITERAL_NULL_CONVERSION = YES;
				CLANG_WARN_OBJC_IMPLICIT_RETAIN_SELF = YES;
				CLANG_WARN_OBJC_LITERAL_CONVERSION = YES;
				CLANG_WARN_OBJC_ROOT_CLASS = YES_ERROR;
				CLANG_WARN_QUOTED_INCLUDE_IN_FRAMEWORK_HEADER = YES;
				CLANG_WARN_RANGE_LOOP_ANALYSIS = YES;
				CLANG_WARN_STRICT_PROTOTYPES = YES;
				CLANG_WARN_SUSPICIOUS_MOVE = YES;
				CLANG_WARN_UNGUARDED_AVAILABILITY = YES_AGGRESSIVE;
				CLANG_WARN_UNREACHABLE_CODE = YES;
				CLANG_WARN__DUPLICATE_METHOD_MATCH = YES;
				COPY_PHASE_STRIP = NO;
				DEBUG_INFORMATION_FORMAT = dwarf;
				ENABLE_STRICT_OBJC_MSGSEND = YES;
				ENABLE_TESTABILITY = YES;
				GCC_C_LANGUAGE_STANDARD = gnu11;
				GCC_DYNAMIC_NO_PIC = NO;
				GCC_NO_COMMON_BLOCKS = YES;
				GCC_OPTIMIZATION_LEVEL = 0;
				GCC_PREPROCESSOR_DEFINITIONS = (
					"DEBUG=1",
					"$(inherited)",
				);
				GCC_WARN_64_TO_32_BIT_CONVERSION = YES;
				GCC_WARN_ABOUT_RETURN_TYPE = YES_ERROR;
				GCC_WARN_UNDECLARED_SELECTOR = YES;
				GCC_WARN_UNINITIALIZED_AUTOS = YES_AGGRESSIVE;
				GCC_WARN_UNUSED_FUNCTION = YES;
				GCC_WARN_UNUSED_VARIABLE = YES;
				IPHONEOS_DEPLOYMENT_TARGET = 15.0;
				MTL_ENABLE_DEBUG_INFO = INCLUDE_SOURCE;
				MTL_FAST_MATH = YES;
				ONLY_ACTIVE_ARCH = YES;
				SDKROOT = iphoneos;
				SWIFT_ACTIVE_COMPILATION_CONDITIONS = DEBUG;
				SWIFT_OPTIMIZATION_LEVEL = "-Onone";
			};
			name = Debug;
		};
		5C0866B1274112E700C0E5B4 /* Release */ = {
			isa = XCBuildConfiguration;
			buildSettings = {
				ALWAYS_SEARCH_USER_PATHS = NO;
				CLANG_ANALYZER_NONNULL = YES;
				CLANG_ANALYZER_NUMBER_OBJECT_CONVERSION = YES_AGGRESSIVE;
				CLANG_CXX_LANGUAGE_STANDARD = "gnu++17";
				CLANG_CXX_LIBRARY = "libc++";
				CLANG_ENABLE_MODULES = YES;
				CLANG_ENABLE_OBJC_ARC = YES;
				CLANG_ENABLE_OBJC_WEAK = YES;
				CLANG_WARN_BLOCK_CAPTURE_AUTORELEASING = YES;
				CLANG_WARN_BOOL_CONVERSION = YES;
				CLANG_WARN_COMMA = YES;
				CLANG_WARN_CONSTANT_CONVERSION = YES;
				CLANG_WARN_DEPRECATED_OBJC_IMPLEMENTATIONS = YES;
				CLANG_WARN_DIRECT_OBJC_ISA_USAGE = YES_ERROR;
				CLANG_WARN_DOCUMENTATION_COMMENTS = YES;
				CLANG_WARN_EMPTY_BODY = YES;
				CLANG_WARN_ENUM_CONVERSION = YES;
				CLANG_WARN_INFINITE_RECURSION = YES;
				CLANG_WARN_INT_CONVERSION = YES;
				CLANG_WARN_NON_LITERAL_NULL_CONVERSION = YES;
				CLANG_WARN_OBJC_IMPLICIT_RETAIN_SELF = YES;
				CLANG_WARN_OBJC_LITERAL_CONVERSION = YES;
				CLANG_WARN_OBJC_ROOT_CLASS = YES_ERROR;
				CLANG_WARN_QUOTED_INCLUDE_IN_FRAMEWORK_HEADER = YES;
				CLANG_WARN_RANGE_LOOP_ANALYSIS = YES;
				CLANG_WARN_STRICT_PROTOTYPES = YES;
				CLANG_WARN_SUSPICIOUS_MOVE = YES;
				CLANG_WARN_UNGUARDED_AVAILABILITY = YES_AGGRESSIVE;
				CLANG_WARN_UNREACHABLE_CODE = YES;
				CLANG_WARN__DUPLICATE_METHOD_MATCH = YES;
				COPY_PHASE_STRIP = NO;
				DEBUG_INFORMATION_FORMAT = "dwarf-with-dsym";
				ENABLE_NS_ASSERTIONS = NO;
				ENABLE_STRICT_OBJC_MSGSEND = YES;
				GCC_C_LANGUAGE_STANDARD = gnu11;
				GCC_NO_COMMON_BLOCKS = YES;
				GCC_WARN_64_TO_32_BIT_CONVERSION = YES;
				GCC_WARN_ABOUT_RETURN_TYPE = YES_ERROR;
				GCC_WARN_UNDECLARED_SELECTOR = YES;
				GCC_WARN_UNINITIALIZED_AUTOS = YES_AGGRESSIVE;
				GCC_WARN_UNUSED_FUNCTION = YES;
				GCC_WARN_UNUSED_VARIABLE = YES;
				IPHONEOS_DEPLOYMENT_TARGET = 15.0;
				MTL_ENABLE_DEBUG_INFO = NO;
				MTL_FAST_MATH = YES;
				SDKROOT = iphoneos;
				SWIFT_COMPILATION_MODE = wholemodule;
				SWIFT_OPTIMIZATION_LEVEL = "-O";
				VALIDATE_PRODUCT = YES;
			};
			name = Release;
		};
		5C0866B3274112E700C0E5B4 /* Debug */ = {
			isa = XCBuildConfiguration;
			buildSettings = {
				ASSETCATALOG_COMPILER_APPICON_NAME = AppIcon;
				ASSETCATALOG_COMPILER_GLOBAL_ACCENT_COLOR_NAME = AccentColor;
				CODE_SIGN_STYLE = Automatic;
				CURRENT_PROJECT_VERSION = 1;
				DEVELOPMENT_ASSET_PATHS = "\"BudgetApp/Preview Content\"";
				DEVELOPMENT_TEAM = FB62NCYJK2;
				ENABLE_PREVIEWS = YES;
				GENERATE_INFOPLIST_FILE = YES;
				INFOPLIST_KEY_UIApplicationSceneManifest_Generation = YES;
				INFOPLIST_KEY_UIApplicationSupportsIndirectInputEvents = YES;
				INFOPLIST_KEY_UILaunchScreen_Generation = YES;
				INFOPLIST_KEY_UISupportedInterfaceOrientations_iPad = "UIInterfaceOrientationPortrait UIInterfaceOrientationPortraitUpsideDown UIInterfaceOrientationLandscapeLeft UIInterfaceOrientationLandscapeRight";
				INFOPLIST_KEY_UISupportedInterfaceOrientations_iPhone = "UIInterfaceOrientationPortrait UIInterfaceOrientationLandscapeLeft UIInterfaceOrientationLandscapeRight";
				IPHONEOS_DEPLOYMENT_TARGET = 14.0;
				LD_RUNPATH_SEARCH_PATHS = (
					"$(inherited)",
					"@executable_path/Frameworks",
				);
				MARKETING_VERSION = 1.0;
				PRODUCT_BUNDLE_IDENTIFIER = com.moe.playgrounds.BudgetApp;
				PRODUCT_NAME = "$(TARGET_NAME)";
				SWIFT_EMIT_LOC_STRINGS = YES;
				SWIFT_VERSION = 5.0;
				TARGETED_DEVICE_FAMILY = "1,2";
			};
			name = Debug;
		};
		5C0866B4274112E700C0E5B4 /* Release */ = {
			isa = XCBuildConfiguration;
			buildSettings = {
				ASSETCATALOG_COMPILER_APPICON_NAME = AppIcon;
				ASSETCATALOG_COMPILER_GLOBAL_ACCENT_COLOR_NAME = AccentColor;
				CODE_SIGN_STYLE = Automatic;
				CURRENT_PROJECT_VERSION = 1;
				DEVELOPMENT_ASSET_PATHS = "\"BudgetApp/Preview Content\"";
				DEVELOPMENT_TEAM = FB62NCYJK2;
				ENABLE_PREVIEWS = YES;
				GENERATE_INFOPLIST_FILE = YES;
				INFOPLIST_KEY_UIApplicationSceneManifest_Generation = YES;
				INFOPLIST_KEY_UIApplicationSupportsIndirectInputEvents = YES;
				INFOPLIST_KEY_UILaunchScreen_Generation = YES;
				INFOPLIST_KEY_UISupportedInterfaceOrientations_iPad = "UIInterfaceOrientationPortrait UIInterfaceOrientationPortraitUpsideDown UIInterfaceOrientationLandscapeLeft UIInterfaceOrientationLandscapeRight";
				INFOPLIST_KEY_UISupportedInterfaceOrientations_iPhone = "UIInterfaceOrientationPortrait UIInterfaceOrientationLandscapeLeft UIInterfaceOrientationLandscapeRight";
				IPHONEOS_DEPLOYMENT_TARGET = 14.0;
				LD_RUNPATH_SEARCH_PATHS = (
					"$(inherited)",
					"@executable_path/Frameworks",
				);
				MARKETING_VERSION = 1.0;
				PRODUCT_BUNDLE_IDENTIFIER = com.moe.playgrounds.BudgetApp;
				PRODUCT_NAME = "$(TARGET_NAME)";
				SWIFT_EMIT_LOC_STRINGS = YES;
				SWIFT_VERSION = 5.0;
				TARGETED_DEVICE_FAMILY = "1,2";
			};
			name = Release;
		};
		5C0866B6274112E700C0E5B4 /* Debug */ = {
			isa = XCBuildConfiguration;
			buildSettings = {
				ALWAYS_EMBED_SWIFT_STANDARD_LIBRARIES = YES;
				BUNDLE_LOADER = "$(TEST_HOST)";
				CODE_SIGN_STYLE = Automatic;
				CURRENT_PROJECT_VERSION = 1;
				DEVELOPMENT_TEAM = FB62NCYJK2;
				GENERATE_INFOPLIST_FILE = YES;
				IPHONEOS_DEPLOYMENT_TARGET = 14.0;
				LD_RUNPATH_SEARCH_PATHS = (
					"$(inherited)",
					"@executable_path/Frameworks",
					"@loader_path/Frameworks",
				);
				MARKETING_VERSION = 1.0;
				PRODUCT_BUNDLE_IDENTIFIER = com.moe.playgrounds.BudgetAppTests;
				PRODUCT_NAME = "$(TARGET_NAME)";
				SWIFT_EMIT_LOC_STRINGS = NO;
				SWIFT_VERSION = 5.0;
				TARGETED_DEVICE_FAMILY = "1,2";
				TEST_HOST = "$(BUILT_PRODUCTS_DIR)/BudgetApp.app/BudgetApp";
			};
			name = Debug;
		};
		5C0866B7274112E700C0E5B4 /* Release */ = {
			isa = XCBuildConfiguration;
			buildSettings = {
				ALWAYS_EMBED_SWIFT_STANDARD_LIBRARIES = YES;
				BUNDLE_LOADER = "$(TEST_HOST)";
				CODE_SIGN_STYLE = Automatic;
				CURRENT_PROJECT_VERSION = 1;
				DEVELOPMENT_TEAM = FB62NCYJK2;
				GENERATE_INFOPLIST_FILE = YES;
				IPHONEOS_DEPLOYMENT_TARGET = 14.0;
				LD_RUNPATH_SEARCH_PATHS = (
					"$(inherited)",
					"@executable_path/Frameworks",
					"@loader_path/Frameworks",
				);
				MARKETING_VERSION = 1.0;
				PRODUCT_BUNDLE_IDENTIFIER = com.moe.playgrounds.BudgetAppTests;
				PRODUCT_NAME = "$(TARGET_NAME)";
				SWIFT_EMIT_LOC_STRINGS = NO;
				SWIFT_VERSION = 5.0;
				TARGETED_DEVICE_FAMILY = "1,2";
				TEST_HOST = "$(BUILT_PRODUCTS_DIR)/BudgetApp.app/BudgetApp";
			};
			name = Release;
		};
		5C0866B9274112E700C0E5B4 /* Debug */ = {
			isa = XCBuildConfiguration;
			buildSettings = {
				ALWAYS_EMBED_SWIFT_STANDARD_LIBRARIES = YES;
				CODE_SIGN_STYLE = Automatic;
				CURRENT_PROJECT_VERSION = 1;
				DEVELOPMENT_TEAM = FB62NCYJK2;
				GENERATE_INFOPLIST_FILE = YES;
				LD_RUNPATH_SEARCH_PATHS = (
					"$(inherited)",
					"@executable_path/Frameworks",
					"@loader_path/Frameworks",
				);
				MARKETING_VERSION = 1.0;
				PRODUCT_BUNDLE_IDENTIFIER = com.moe.playgrounds.BudgetAppUITests;
				PRODUCT_NAME = "$(TARGET_NAME)";
				SWIFT_EMIT_LOC_STRINGS = NO;
				SWIFT_VERSION = 5.0;
				TARGETED_DEVICE_FAMILY = "1,2";
				TEST_TARGET_NAME = BudgetApp;
			};
			name = Debug;
		};
		5C0866BA274112E700C0E5B4 /* Release */ = {
			isa = XCBuildConfiguration;
			buildSettings = {
				ALWAYS_EMBED_SWIFT_STANDARD_LIBRARIES = YES;
				CODE_SIGN_STYLE = Automatic;
				CURRENT_PROJECT_VERSION = 1;
				DEVELOPMENT_TEAM = FB62NCYJK2;
				GENERATE_INFOPLIST_FILE = YES;
				LD_RUNPATH_SEARCH_PATHS = (
					"$(inherited)",
					"@executable_path/Frameworks",
					"@loader_path/Frameworks",
				);
				MARKETING_VERSION = 1.0;
				PRODUCT_BUNDLE_IDENTIFIER = com.moe.playgrounds.BudgetAppUITests;
				PRODUCT_NAME = "$(TARGET_NAME)";
				SWIFT_EMIT_LOC_STRINGS = NO;
				SWIFT_VERSION = 5.0;
				TARGETED_DEVICE_FAMILY = "1,2";
				TEST_TARGET_NAME = BudgetApp;
			};
			name = Release;
		};
/* End XCBuildConfiguration section */

/* Begin XCConfigurationList section */
		5C086689274112E200C0E5B4 /* Build configuration list for PBXProject "BudgetApp" */ = {
			isa = XCConfigurationList;
			buildConfigurations = (
				5C0866B0274112E700C0E5B4 /* Debug */,
				5C0866B1274112E700C0E5B4 /* Release */,
			);
			defaultConfigurationIsVisible = 0;
			defaultConfigurationName = Release;
		};
		5C0866B2274112E700C0E5B4 /* Build configuration list for PBXNativeTarget "BudgetApp" */ = {
			isa = XCConfigurationList;
			buildConfigurations = (
				5C0866B3274112E700C0E5B4 /* Debug */,
				5C0866B4274112E700C0E5B4 /* Release */,
			);
			defaultConfigurationIsVisible = 0;
			defaultConfigurationName = Release;
		};
		5C0866B5274112E700C0E5B4 /* Build configuration list for PBXNativeTarget "BudgetAppTests" */ = {
			isa = XCConfigurationList;
			buildConfigurations = (
				5C0866B6274112E700C0E5B4 /* Debug */,
				5C0866B7274112E700C0E5B4 /* Release */,
			);
			defaultConfigurationIsVisible = 0;
			defaultConfigurationName = Release;
		};
		5C0866B8274112E700C0E5B4 /* Build configuration list for PBXNativeTarget "BudgetAppUITests" */ = {
			isa = XCConfigurationList;
			buildConfigurations = (
				5C0866B9274112E700C0E5B4 /* Debug */,
				5C0866BA274112E700C0E5B4 /* Release */,
			);
			defaultConfigurationIsVisible = 0;
			defaultConfigurationName = Release;
		};
/* End XCConfigurationList section */

/* Begin XCVersionGroup section */
		5C0866BB2741131800C0E5B4 /* BudgetAppModel.xcdatamodeld */ = {
			isa = XCVersionGroup;
			children = (
				5C0866BC2741131800C0E5B4 /* Budget.xcdatamodel */,
			);
			currentVersion = 5C0866BC2741131800C0E5B4 /* Budget.xcdatamodel */;
			path = BudgetAppModel.xcdatamodeld;
			sourceTree = "<group>";
			versionGroupType = wrapper.xcdatamodel;
		};
/* End XCVersionGroup section */
	};
	rootObject = 5C086686274112E200C0E5B4 /* Project object */;
}
